{
  "name": "clientMob",
  "lockfileVersion": 2,
  "requires": true,
  "packages": {
    "": {
      "dependencies": {
        "@capacitor/camera": "^1.3.1",
        "@capacitor/filesystem": "^1.1.0",
        "@capacitor/storage": "^1.2.5",
        "@ionic/pwa-elements": "^3.1.1"
      }
    },
    "node_modules/@capacitor/camera": {
      "version": "1.3.1",
      "resolved": "https://registry.npmjs.org/@capacitor/camera/-/camera-1.3.1.tgz",
      "integrity": "sha512-P0Isb1RKUGUpvmLTxsfVOge6bte7hGzp/zObQAQJ96wh9IAGv8S87g7qPm6SLPhg9HK+E8JY3eUmN6KbIRGJNg==",
      "peerDependencies": {
        "@capacitor/core": "^3.0.0"
      }
    },
    "node_modules/@capacitor/core": {
      "version": "3.5.1",
      "resolved": "https://registry.npmjs.org/@capacitor/core/-/core-3.5.1.tgz",
      "integrity": "sha512-UTROxB7q/hZBnhDLcCN7mVsAX3SxXNMhVuPbtddsDOUCm4hExLXN62gPD7rjgmumhfHMjeXmkw/EfRzSjttL1g==",
      "peer": true,
      "dependencies": {
        "tslib": "^2.1.0"
      }
    },
    "node_modules/@capacitor/filesystem": {
      "version": "1.1.0",
      "resolved": "https://registry.npmjs.org/@capacitor/filesystem/-/filesystem-1.1.0.tgz",
      "integrity": "sha512-8O3UuvL8HNUEJvZnmn8yUmvgB1evtXfcF0oxIo3YbSlylqywJwS3JTiuhKmsvSxCdpbTy8IaTsutVh3gZgWbKg==",
      "peerDependencies": {
        "@capacitor/core": "^3.0.0"
      }
    },
    "node_modules/@capacitor/storage": {
      "version": "1.2.5",
      "resolved": "https://registry.npmjs.org/@capacitor/storage/-/storage-1.2.5.tgz",
      "integrity": "sha512-pWhnw4U7wN/zFV4lA4BLMypSufTktCbk548Yk4whSb0KAq3R0mLfSubRIHkGdcPqQWCsM6g/zUuszurhz6ncWQ==",
      "peerDependencies": {
        "@capacitor/core": "^3.0.0"
      }
    },
    "node_modules/@ionic/pwa-elements": {
      "version": "3.1.1",
      "resolved": "https://registry.npmjs.org/@ionic/pwa-elements/-/pwa-elements-3.1.1.tgz",
      "integrity": "sha512-BoEX1pSrKn5dP4VQwaf8DweAmT4ynmpW+9f6oj/W1xLe54bmuXcUY07ziuZX1DLu50xHSYcO5qJ/dbYC/w6wgA=="
    },
    "node_modules/tslib": {
      "version": "2.4.0",
      "resolved": "https://registry.npmjs.org/tslib/-/tslib-2.4.0.tgz",
      "integrity": "sha512-d6xOpEDfsi2CZVlPQzGeux8XMwLT9hssAsaPYExaQMuYskwb+x1x7J371tWlbBdWHroy99KnVB6qIkUbs5X3UQ==",
      "peer": true
    }
  },
  "dependencies": {
    "@capacitor/camera": {
      "version": "1.3.1",
      "resolved": "https://registry.npmjs.org/@capacitor/camera/-/camera-1.3.1.tgz",
      "integrity": "sha512-P0Isb1RKUGUpvmLTxsfVOge6bte7hGzp/zObQAQJ96wh9IAGv8S87g7qPm6SLPhg9HK+E8JY3eUmN6KbIRGJNg==",
      "requires": {}
    },
    "@capacitor/core": {
      "version": "3.5.1",
      "resolved": "https://registry.npmjs.org/@capacitor/core/-/core-3.5.1.tgz",
      "integrity": "sha512-UTROxB7q/hZBnhDLcCN7mVsAX3SxXNMhVuPbtddsDOUCm4hExLXN62gPD7rjgmumhfHMjeXmkw/EfRzSjttL1g==",
      "peer": true,
      "requires": {
        "tslib": "^2.1.0"
      }
    },
    "@capacitor/filesystem": {
      "version": "1.1.0",
      "resolved": "https://registry.npmjs.org/@capacitor/filesystem/-/filesystem-1.1.0.tgz",
      "integrity": "sha512-8O3UuvL8HNUEJvZnmn8yUmvgB1evtXfcF0oxIo3YbSlylqywJwS3JTiuhKmsvSxCdpbTy8IaTsutVh3gZgWbKg==",
      "requires": {}
    },
    "@capacitor/storage": {
      "version": "1.2.5",
      "resolved": "https://registry.npmjs.org/@capacitor/storage/-/storage-1.2.5.tgz",
      "integrity": "sha512-pWhnw4U7wN/zFV4lA4BLMypSufTktCbk548Yk4whSb0KAq3R0mLfSubRIHkGdcPqQWCsM6g/zUuszurhz6ncWQ==",
      "requires": {}
    },
    "@ionic/pwa-elements": {
      "version": "3.1.1",
      "resolved": "https://registry.npmjs.org/@ionic/pwa-elements/-/pwa-elements-3.1.1.tgz",
      "integrity": "sha512-BoEX1pSrKn5dP4VQwaf8DweAmT4ynmpW+9f6oj/W1xLe54bmuXcUY07ziuZX1DLu50xHSYcO5qJ/dbYC/w6wgA=="
    },
    "tslib": {
      "version": "2.4.0",
      "resolved": "https://registry.npmjs.org/tslib/-/tslib-2.4.0.tgz",
      "integrity": "sha512-d6xOpEDfsi2CZVlPQzGeux8XMwLT9hssAsaPYExaQMuYskwb+x1x7J371tWlbBdWHroy99KnVB6qIkUbs5X3UQ==",
      "peer": true
    }
  }
}
